
Microsoft Visual Studio Solution File, Format Version 12.00
# Visual Studio Version 17
VisualStudioVersion = 17.11.35208.52
MinimumVisualStudioVersion = 10.0.40219.1
Project("{FAE04EC0-301F-11D3-BF4B-00C04F79EFBC}") = "Firstdemoforgithub", "Firstdemoforgithub.csproj", "{504C39FC-6033-41DF-A6FF-2CEFA40714D5}"
EndProject
Global
	GlobalSection(SolutionConfigurationPlatforms) = preSolution
		Debug|Any CPU = Debug|Any CPU
		Release|Any CPU = Release|Any CPU
	EndGlobalSection
	GlobalSection(ProjectConfigurationPlatforms) = postSolution
		{504C39FC-6033-41DF-A6FF-2CEFA40714D5}.Debug|Any CPU.ActiveCfg = Debug|Any CPU
		{504C39FC-6033-41DF-A6FF-2CEFA40714D5}.Debug|Any CPU.Build.0 = Debug|Any CPU
		{504C39FC-6033-41DF-A6FF-2CEFA40714D5}.Release|Any CPU.ActiveCfg = Release|Any CPU
		{504C39FC-6033-41DF-A6FF-2CEFA40714D5}.Release|Any CPU.Build.0 = Release|Any CPU
	EndGlobalSection
	GlobalSection(SolutionProperties) = preSolution
		HideSolutionNode = FALSE
	EndGlobalSection
	GlobalSection(ExtensibilityGlobals) = postSolution
		SolutionGuid = {6F25BABF-90F6-4782-ADB3-F23D1FF8B44D}
	EndGlobalSection
EndGlobal
